
Microsoft Visual Studio Solution File, Format Version 12.00
# Visual Studio Version 17
VisualStudioVersion = 17.14.36408.4 d17.14
MinimumVisualStudioVersion = 10.0.40219.1
Project("{FAE04EC0-301F-11D3-BF4B-00C04F79EFBC}") = "SherioMAUI", "SherioMAUI.csproj", "{E31C7AB0-305D-4A33-A254-A5AFBB70CD66}"
EndProject
Global
	GlobalSection(SolutionConfigurationPlatforms) = preSolution
		Debug|Any CPU = Debug|Any CPU
		Release|Any CPU = Release|Any CPU
	EndGlobalSection
	GlobalSection(ProjectConfigurationPlatforms) = postSolution
		{E31C7AB0-305D-4A33-A254-A5AFBB70CD66}.Debug|Any CPU.ActiveCfg = Debug|Any CPU
		{E31C7AB0-305D-4A33-A254-A5AFBB70CD66}.Debug|Any CPU.Build.0 = Debug|Any CPU
		{E31C7AB0-305D-4A33-A254-A5AFBB70CD66}.Debug|Any CPU.Deploy.0 = Debug|Any CPU
		{E31C7AB0-305D-4A33-A254-A5AFBB70CD66}.Release|Any CPU.ActiveCfg = Release|Any CPU
		{E31C7AB0-305D-4A33-A254-A5AFBB70CD66}.Release|Any CPU.Build.0 = Release|Any CPU
	EndGlobalSection
	GlobalSection(SolutionProperties) = preSolution
		HideSolutionNode = FALSE
	EndGlobalSection
	GlobalSection(ExtensibilityGlobals) = postSolution
		SolutionGuid = {169FCE05-CAF0-42CC-8BF7-EEAC5D22879B}
	EndGlobalSection
EndGlobal
